// !$*UTF8*$!
{
	archiveVersion = 1;
	classes = {
	};
	objectVersion = 56;
	objects = {

/* Begin PBXBuildFile section */
		0279A6352B9D5FD600C4DB6D /* AppDelegate.swift in Sources */ = {isa = PBXBuildFile; fileRef = 0279A6342B9D5FD600C4DB6D /* AppDelegate.swift */; };
		0279A6372B9D5FD600C4DB6D /* SceneDelegate.swift in Sources */ = {isa = PBXBuildFile; fileRef = 0279A6362B9D5FD600C4DB6D /* SceneDelegate.swift */; };
		0279A6392B9D5FD600C4DB6D /* ViewController.swift in Sources */ = {isa = PBXBuildFile; fileRef = 0279A6382B9D5FD600C4DB6D /* ViewController.swift */; };
		0279A63C2B9D5FD600C4DB6D /* Base in Resources */ = {isa = PBXBuildFile; fileRef = 0279A63B2B9D5FD600C4DB6D /* Base */; };
		0279A63E2B9D5FD800C4DB6D /* Assets.xcassets in Resources */ = {isa = PBXBuildFile; fileRef = 0279A63D2B9D5FD800C4DB6D /* Assets.xcassets */; };
		0279A6412B9D5FD800C4DB6D /* Base in Resources */ = {isa = PBXBuildFile; fileRef = 0279A6402B9D5FD800C4DB6D /* Base */; };
		0279A64C2B9D64E200C4DB6D /* Crypto.swift in Sources */ = {isa = PBXBuildFile; fileRef = 0279A64B2B9D64E200C4DB6D /* Crypto.swift */; };
		0279A64F2B9D66EB00C4DB6D /* WebService.swift in Sources */ = {isa = PBXBuildFile; fileRef = 0279A64E2B9D66EB00C4DB6D /* WebService.swift */; };
		0279A6512B9D6DDD00C4DB6D /* CryptoViewModel.swift in Sources */ = {isa = PBXBuildFile; fileRef = 0279A6502B9D6DDD00C4DB6D /* CryptoViewModel.swift */; };
		0279A6542B9D6F5900C4DB6D /* RxCocoa in Frameworks */ = {isa = PBXBuildFile; productRef = 0279A6532B9D6F5900C4DB6D /* RxCocoa */; };
		0279A6562B9D6F5900C4DB6D /* RxSwift in Frameworks */ = {isa = PBXBuildFile; productRef = 0279A6552B9D6F5900C4DB6D /* RxSwift */; };
		0279A6582B9D872900C4DB6D /* CryptoTableViewCell.swift in Sources */ = {isa = PBXBuildFile; fileRef = 0279A6572B9D872900C4DB6D /* CryptoTableViewCell.swift */; };
/* End PBXBuildFile section */

/* Begin PBXFileReference section */
		0279A6312B9D5FD600C4DB6D /* CryptoConverterRx.app */ = {isa = PBXFileReference; explicitFileType = wrapper.application; includeInIndex = 0; path = CryptoConverterRx.app; sourceTree = BUILT_PRODUCTS_DIR; };
		0279A6342B9D5FD600C4DB6D /* AppDelegate.swift */ = {isa = PBXFileReference; lastKnownFileType = sourcecode.swift; path = AppDelegate.swift; sourceTree = "<group>"; };
		0279A6362B9D5FD600C4DB6D /* SceneDelegate.swift */ = {isa = PBXFileReference; lastKnownFileType = sourcecode.swift; path = SceneDelegate.swift; sourceTree = "<group>"; };
		0279A6382B9D5FD600C4DB6D /* ViewController.swift */ = {isa = PBXFileReference; lastKnownFileType = sourcecode.swift; path = ViewController.swift; sourceTree = "<group>"; };
		0279A63B2B9D5FD600C4DB6D /* Base */ = {isa = PBXFileReference; lastKnownFileType = file.storyboard; name = Base; path = Base.lproj/Main.storyboard; sourceTree = "<group>"; };
		0279A63D2B9D5FD800C4DB6D /* Assets.xcassets */ = {isa = PBXFileReference; lastKnownFileType = folder.assetcatalog; path = Assets.xcassets; sourceTree = "<group>"; };
		0279A6402B9D5FD800C4DB6D /* Base */ = {isa = PBXFileReference; lastKnownFileType = file.storyboard; name = Base; path = Base.lproj/LaunchScreen.storyboard; sourceTree = "<group>"; };
		0279A6422B9D5FD800C4DB6D /* Info.plist */ = {isa = PBXFileReference; lastKnownFileType = text.plist.xml; path = Info.plist; sourceTree = "<group>"; };
		0279A64B2B9D64E200C4DB6D /* Crypto.swift */ = {isa = PBXFileReference; lastKnownFileType = sourcecode.swift; path = Crypto.swift; sourceTree = "<group>"; };
		0279A64E2B9D66EB00C4DB6D /* WebService.swift */ = {isa = PBXFileReference; lastKnownFileType = sourcecode.swift; path = WebService.swift; sourceTree = "<group>"; };
		0279A6502B9D6DDD00C4DB6D /* CryptoViewModel.swift */ = {isa = PBXFileReference; lastKnownFileType = sourcecode.swift; path = CryptoViewModel.swift; sourceTree = "<group>"; };
		0279A6572B9D872900C4DB6D /* CryptoTableViewCell.swift */ = {isa = PBXFileReference; lastKnownFileType = sourcecode.swift; path = CryptoTableViewCell.swift; sourceTree = "<group>"; };
/* End PBXFileReference section */

/* Begin PBXFrameworksBuildPhase section */
		0279A62E2B9D5FD600C4DB6D /* Frameworks */ = {
			isa = PBXFrameworksBuildPhase;
			buildActionMask = 2147483647;
			files = (
				0279A6562B9D6F5900C4DB6D /* RxSwift in Frameworks */,
				0279A6542B9D6F5900C4DB6D /* RxCocoa in Frameworks */,
			);
			runOnlyForDeploymentPostprocessing = 0;
		};
/* End PBXFrameworksBuildPhase section */

/* Begin PBXGroup section */
		0279A6282B9D5FD600C4DB6D = {
			isa = PBXGroup;
			children = (
				0279A6332B9D5FD600C4DB6D /* CryptoConverterRx */,
				0279A6322B9D5FD600C4DB6D /* Products */,
			);
			sourceTree = "<group>";
		};
		0279A6322B9D5FD600C4DB6D /* Products */ = {
			isa = PBXGroup;
			children = (
				0279A6312B9D5FD600C4DB6D /* CryptoConverterRx.app */,
			);
			name = Products;
			sourceTree = "<group>";
		};
		0279A6332B9D5FD600C4DB6D /* CryptoConverterRx */ = {
			isa = PBXGroup;
			children = (
				0279A64D2B9D66CE00C4DB6D /* Service */,
				0279A64A2B9D640400C4DB6D /* Model */,
				0279A6492B9D640000C4DB6D /* ViewModel */,
				0279A6482B9D63F700C4DB6D /* View */,
				0279A63A2B9D5FD600C4DB6D /* Main.storyboard */,
				0279A63D2B9D5FD800C4DB6D /* Assets.xcassets */,
				0279A63F2B9D5FD800C4DB6D /* LaunchScreen.storyboard */,
				0279A6422B9D5FD800C4DB6D /* Info.plist */,
			);
			path = CryptoConverterRx;
			sourceTree = "<group>";
		};
		0279A6482B9D63F700C4DB6D /* View */ = {
			isa = PBXGroup;
			children = (
				0279A6342B9D5FD600C4DB6D /* AppDelegate.swift */,
				0279A6362B9D5FD600C4DB6D /* SceneDelegate.swift */,
				0279A6382B9D5FD600C4DB6D /* ViewController.swift */,
				0279A6572B9D872900C4DB6D /* CryptoTableViewCell.swift */,
			);
			path = View;
			sourceTree = "<group>";
		};
		0279A6492B9D640000C4DB6D /* ViewModel */ = {
			isa = PBXGroup;
			children = (
				0279A6502B9D6DDD00C4DB6D /* CryptoViewModel.swift */,
			);
			path = ViewModel;
			sourceTree = "<group>";
		};
		0279A64A2B9D640400C4DB6D /* Model */ = {
			isa = PBXGroup;
			children = (
				0279A64B2B9D64E200C4DB6D /* Crypto.swift */,
			);
			path = Model;
			sourceTree = "<group>";
		};
		0279A64D2B9D66CE00C4DB6D /* Service */ = {
			isa = PBXGroup;
			children = (
				0279A64E2B9D66EB00C4DB6D /* WebService.swift */,
			);
			path = Service;
			sourceTree = "<group>";
		};
/* End PBXGroup section */

/* Begin PBXNativeTarget section */
		0279A6302B9D5FD600C4DB6D /* CryptoConverterRx */ = {
			isa = PBXNativeTarget;
			buildConfigurationList = 0279A6452B9D5FD800C4DB6D /* Build configuration list for PBXNativeTarget "CryptoConverterRx" */;
			buildPhases = (
				0279A62D2B9D5FD600C4DB6D /* Sources */,
				0279A62E2B9D5FD600C4DB6D /* Frameworks */,
				0279A62F2B9D5FD600C4DB6D /* Resources */,
			);
			buildRules = (
			);
			dependencies = (
			);
			name = CryptoConverterRx;
			packageProductDependencies = (
				0279A6532B9D6F5900C4DB6D /* RxCocoa */,
				0279A6552B9D6F5900C4DB6D /* RxSwift */,
			);
			productName = CryptoConverterRx;
			productReference = 0279A6312B9D5FD600C4DB6D /* CryptoConverterRx.app */;
			productType = "com.apple.product-type.application";
		};
/* End PBXNativeTarget section */

/* Begin PBXProject section */
		0279A6292B9D5FD600C4DB6D /* Project object */ = {
			isa = PBXProject;
			attributes = {
				BuildIndependentTargetsInParallel = 1;
				LastSwiftUpdateCheck = 1530;
				LastUpgradeCheck = 1530;
				TargetAttributes = {
					0279A6302B9D5FD600C4DB6D = {
						CreatedOnToolsVersion = 15.3;
					};
				};
			};
			buildConfigurationList = 0279A62C2B9D5FD600C4DB6D /* Build configuration list for PBXProject "CryptoConverterRx" */;
			compatibilityVersion = "Xcode 14.0";
			developmentRegion = en;
			hasScannedForEncodings = 0;
			knownRegions = (
				en,
				Base,
			);
			mainGroup = 0279A6282B9D5FD600C4DB6D;
			packageReferences = (
				0279A6522B9D6F5900C4DB6D /* XCRemoteSwiftPackageReference "RxSwift" */,
			);
			productRefGroup = 0279A6322B9D5FD600C4DB6D /* Products */;
			projectDirPath = "";
			projectRoot = "";
			targets = (
				0279A6302B9D5FD600C4DB6D /* CryptoConverterRx */,
			);
		};
/* End PBXProject section */

/* Begin PBXResourcesBuildPhase section */
		0279A62F2B9D5FD600C4DB6D /* Resources */ = {
			isa = PBXResourcesBuildPhase;
			buildActionMask = 2147483647;
			files = (
				0279A63E2B9D5FD800C4DB6D /* Assets.xcassets in Resources */,
				0279A6412B9D5FD800C4DB6D /* Base in Resources */,
				0279A63C2B9D5FD600C4DB6D /* Base in Resources */,
			);
			runOnlyForDeploymentPostprocessing = 0;
		};
/* End PBXResourcesBuildPhase section */

/* Begin PBXSourcesBuildPhase section */
		0279A62D2B9D5FD600C4DB6D /* Sources */ = {
			isa = PBXSourcesBuildPhase;
			buildActionMask = 2147483647;
			files = (
				0279A64C2B9D64E200C4DB6D /* Crypto.swift in Sources */,
				0279A6392B9D5FD600C4DB6D /* ViewController.swift in Sources */,
				0279A6352B9D5FD600C4DB6D /* AppDelegate.swift in Sources */,
				0279A64F2B9D66EB00C4DB6D /* WebService.swift in Sources */,
				0279A6372B9D5FD600C4DB6D /* SceneDelegate.swift in Sources */,
				0279A6512B9D6DDD00C4DB6D /* CryptoViewModel.swift in Sources */,
				0279A6582B9D872900C4DB6D /* CryptoTableViewCell.swift in Sources */,
			);
			runOnlyForDeploymentPostprocessing = 0;
		};
/* End PBXSourcesBuildPhase section */

/* Begin PBXVariantGroup section */
		0279A63A2B9D5FD600C4DB6D /* Main.storyboard */ = {
			isa = PBXVariantGroup;
			children = (
				0279A63B2B9D5FD600C4DB6D /* Base */,
			);
			name = Main.storyboard;
			sourceTree = "<group>";
		};
		0279A63F2B9D5FD800C4DB6D /* LaunchScreen.storyboard */ = {
			isa = PBXVariantGroup;
			children = (
				0279A6402B9D5FD800C4DB6D /* Base */,
			);
			name = LaunchScreen.storyboard;
			sourceTree = "<group>";
		};
/* End PBXVariantGroup section */

/* Begin XCBuildConfiguration section */
		0279A6432B9D5FD800C4DB6D /* Debug */ = {
			isa = XCBuildConfiguration;
			buildSettings = {
				ALWAYS_SEARCH_USER_PATHS = NO;
				ASSETCATALOG_COMPILER_GENERATE_SWIFT_ASSET_SYMBOL_EXTENSIONS = YES;
				CLANG_ANALYZER_NONNULL = YES;
				CLANG_ANALYZER_NUMBER_OBJECT_CONVERSION = YES_AGGRESSIVE;
				CLANG_CXX_LANGUAGE_STANDARD = "gnu++20";
				CLANG_ENABLE_MODULES = YES;
				CLANG_ENABLE_OBJC_ARC = YES;
				CLANG_ENABLE_OBJC_WEAK = YES;
				CLANG_WARN_BLOCK_CAPTURE_AUTORELEASING = YES;
				CLANG_WARN_BOOL_CONVERSION = YES;
				CLANG_WARN_COMMA = YES;
				CLANG_WARN_CONSTANT_CONVERSION = YES;
				CLANG_WARN_DEPRECATED_OBJC_IMPLEMENTATIONS = YES;
				CLANG_WARN_DIRECT_OBJC_ISA_USAGE = YES_ERROR;
				CLANG_WARN_DOCUMENTATION_COMMENTS = YES;
				CLANG_WARN_EMPTY_BODY = YES;
				CLANG_WARN_ENUM_CONVERSION = YES;
				CLANG_WARN_INFINITE_RECURSION = YES;
				CLANG_WARN_INT_CONVERSION = YES;
				CLANG_WARN_NON_LITERAL_NULL_CONVERSION = YES;
				CLANG_WARN_OBJC_IMPLICIT_RETAIN_SELF = YES;
				CLANG_WARN_OBJC_LITERAL_CONVERSION = YES;
				CLANG_WARN_OBJC_ROOT_CLASS = YES_ERROR;
				CLANG_WARN_QUOTED_INCLUDE_IN_FRAMEWORK_HEADER = YES;
				CLANG_WARN_RANGE_LOOP_ANALYSIS = YES;
				CLANG_WARN_STRICT_PROTOTYPES = YES;
				CLANG_WARN_SUSPICIOUS_MOVE = YES;
				CLANG_WARN_UNGUARDED_AVAILABILITY = YES_AGGRESSIVE;
				CLANG_WARN_UNREACHABLE_CODE = YES;
				CLANG_WARN__DUPLICATE_METHOD_MATCH = YES;
				COPY_PHASE_STRIP = NO;
				DEBUG_INFORMATION_FORMAT = dwarf;
				ENABLE_STRICT_OBJC_MSGSEND = YES;
				ENABLE_TESTABILITY = YES;
				ENABLE_USER_SCRIPT_SANDBOXING = YES;
				GCC_C_LANGUAGE_STANDARD = gnu17;
				GCC_DYNAMIC_NO_PIC = NO;
				GCC_NO_COMMON_BLOCKS = YES;
				GCC_OPTIMIZATION_LEVEL = 0;
				GCC_PREPROCESSOR_DEFINITIONS = (
					"DEBUG=1",
					"$(inherited)",
				);
				GCC_WARN_64_TO_32_BIT_CONVERSION = YES;
				GCC_WARN_ABOUT_RETURN_TYPE = YES_ERROR;
				GCC_WARN_UNDECLARED_SELECTOR = YES;
				GCC_WARN_UNINITIALIZED_AUTOS = YES_AGGRESSIVE;
				GCC_WARN_UNUSED_FUNCTION = YES;
				GCC_WARN_UNUSED_VARIABLE = YES;
				IPHONEOS_DEPLOYMENT_TARGET = 17.4;
				LOCALIZATION_PREFERS_STRING_CATALOGS = YES;
				MTL_ENABLE_DEBUG_INFO = INCLUDE_SOURCE;
				MTL_FAST_MATH = YES;
				ONLY_ACTIVE_ARCH = YES;
				SDKROOT = iphoneos;
				SWIFT_ACTIVE_COMPILATION_CONDITIONS = "DEBUG $(inherited)";
				SWIFT_OPTIMIZATION_LEVEL = "-Onone";
			};
			name = Debug;
		};
		0279A6442B9D5FD800C4DB6D /* Release */ = {
			isa = XCBuildConfiguration;
			buildSettings = {
				ALWAYS_SEARCH_USER_PATHS = NO;
				ASSETCATALOG_COMPILER_GENERATE_SWIFT_ASSET_SYMBOL_EXTENSIONS = YES;
				CLANG_ANALYZER_NONNULL = YES;
				CLANG_ANALYZER_NUMBER_OBJECT_CONVERSION = YES_AGGRESSIVE;
				CLANG_CXX_LANGUAGE_STANDARD = "gnu++20";
				CLANG_ENABLE_MODULES = YES;
				CLANG_ENABLE_OBJC_ARC = YES;
				CLANG_ENABLE_OBJC_WEAK = YES;
				CLANG_WARN_BLOCK_CAPTURE_AUTORELEASING = YES;
				CLANG_WARN_BOOL_CONVERSION = YES;
				CLANG_WARN_COMMA = YES;
				CLANG_WARN_CONSTANT_CONVERSION = YES;
				CLANG_WARN_DEPRECATED_OBJC_IMPLEMENTATIONS = YES;
				CLANG_WARN_DIRECT_OBJC_ISA_USAGE = YES_ERROR;
				CLANG_WARN_DOCUMENTATION_COMMENTS = YES;
				CLANG_WARN_EMPTY_BODY = YES;
				CLANG_WARN_ENUM_CONVERSION = YES;
				CLANG_WARN_INFINITE_RECURSION = YES;
				CLANG_WARN_INT_CONVERSION = YES;
				CLANG_WARN_NON_LITERAL_NULL_CONVERSION = YES;
				CLANG_WARN_OBJC_IMPLICIT_RETAIN_SELF = YES;
				CLANG_WARN_OBJC_LITERAL_CONVERSION = YES;
				CLANG_WARN_OBJC_ROOT_CLASS = YES_ERROR;
				CLANG_WARN_QUOTED_INCLUDE_IN_FRAMEWORK_HEADER = YES;
				CLANG_WARN_RANGE_LOOP_ANALYSIS = YES;
				CLANG_WARN_STRICT_PROTOTYPES = YES;
				CLANG_WARN_SUSPICIOUS_MOVE = YES;
				CLANG_WARN_UNGUARDED_AVAILABILITY = YES_AGGRESSIVE;
				CLANG_WARN_UNREACHABLE_CODE = YES;
				CLANG_WARN__DUPLICATE_METHOD_MATCH = YES;
				COPY_PHASE_STRIP = NO;
				DEBUG_INFORMATION_FORMAT = "dwarf-with-dsym";
				ENABLE_NS_ASSERTIONS = NO;
				ENABLE_STRICT_OBJC_MSGSEND = YES;
				ENABLE_USER_SCRIPT_SANDBOXING = YES;
				GCC_C_LANGUAGE_STANDARD = gnu17;
				GCC_NO_COMMON_BLOCKS = YES;
				GCC_WARN_64_TO_32_BIT_CONVERSION = YES;
				GCC_WARN_ABOUT_RETURN_TYPE = YES_ERROR;
				GCC_WARN_UNDECLARED_SELECTOR = YES;
				GCC_WARN_UNINITIALIZED_AUTOS = YES_AGGRESSIVE;
				GCC_WARN_UNUSED_FUNCTION = YES;
				GCC_WARN_UNUSED_VARIABLE = YES;
				IPHONEOS_DEPLOYMENT_TARGET = 17.4;
				LOCALIZATION_PREFERS_STRING_CATALOGS = YES;
				MTL_ENABLE_DEBUG_INFO = NO;
				MTL_FAST_MATH = YES;
				SDKROOT = iphoneos;
				SWIFT_COMPILATION_MODE = wholemodule;
				VALIDATE_PRODUCT = YES;
			};
			name = Release;
		};
		0279A6462B9D5FD800C4DB6D /* Debug */ = {
			isa = XCBuildConfiguration;
			buildSettings = {
				ASSETCATALOG_COMPILER_APPICON_NAME = AppIcon;
				ASSETCATALOG_COMPILER_GLOBAL_ACCENT_COLOR_NAME = AccentColor;
				CODE_SIGN_STYLE = Automatic;
				CURRENT_PROJECT_VERSION = 1;
				DEVELOPMENT_TEAM = 6MCTM986U8;
				GENERATE_INFOPLIST_FILE = YES;
				INFOPLIST_FILE = CryptoConverterRx/Info.plist;
				INFOPLIST_KEY_UIApplicationSupportsIndirectInputEvents = YES;
				INFOPLIST_KEY_UILaunchStoryboardName = LaunchScreen;
				INFOPLIST_KEY_UIMainStoryboardFile = Main;
				INFOPLIST_KEY_UISupportedInterfaceOrientations_iPad = "UIInterfaceOrientationPortrait UIInterfaceOrientationPortraitUpsideDown UIInterfaceOrientationLandscapeLeft UIInterfaceOrientationLandscapeRight";
				INFOPLIST_KEY_UISupportedInterfaceOrientations_iPhone = "UIInterfaceOrientationPortrait UIInterfaceOrientationLandscapeLeft UIInterfaceOrientationLandscapeRight";
				LD_RUNPATH_SEARCH_PATHS = (
					"$(inherited)",
					"@executable_path/Frameworks",
				);
				MARKETING_VERSION = 1.0;
				PRODUCT_BUNDLE_IDENTIFIER = af2b.CryptoConverterRx;
				PRODUCT_NAME = "$(TARGET_NAME)";
				SWIFT_EMIT_LOC_STRINGS = YES;
				SWIFT_VERSION = 5.0;
				TARGETED_DEVICE_FAMILY = "1,2";
			};
			name = Debug;
		};
		0279A6472B9D5FD800C4DB6D /* Release */ = {
			isa = XCBuildConfiguration;
			buildSettings = {
				ASSETCATALOG_COMPILER_APPICON_NAME = AppIcon;
				ASSETCATALOG_COMPILER_GLOBAL_ACCENT_COLOR_NAME = AccentColor;
				CODE_SIGN_STYLE = Automatic;
				CURRENT_PROJECT_VERSION = 1;
				DEVELOPMENT_TEAM = 6MCTM986U8;
				GENERATE_INFOPLIST_FILE = YES;
				INFOPLIST_FILE = CryptoConverterRx/Info.plist;
				INFOPLIST_KEY_UIApplicationSupportsIndirectInputEvents = YES;
				INFOPLIST_KEY_UILaunchStoryboardName = LaunchScreen;
				INFOPLIST_KEY_UIMainStoryboardFile = Main;
				INFOPLIST_KEY_UISupportedInterfaceOrientations_iPad = "UIInterfaceOrientationPortrait UIInterfaceOrientationPortraitUpsideDown UIInterfaceOrientationLandscapeLeft UIInterfaceOrientationLandscapeRight";
				INFOPLIST_KEY_UISupportedInterfaceOrientations_iPhone = "UIInterfaceOrientationPortrait UIInterfaceOrientationLandscapeLeft UIInterfaceOrientationLandscapeRight";
				LD_RUNPATH_SEARCH_PATHS = (
					"$(inherited)",
					"@executable_path/Frameworks",
				);
				MARKETING_VERSION = 1.0;
				PRODUCT_BUNDLE_IDENTIFIER = af2b.CryptoConverterRx;
				PRODUCT_NAME = "$(TARGET_NAME)";
				SWIFT_EMIT_LOC_STRINGS = YES;
				SWIFT_VERSION = 5.0;
				TARGETED_DEVICE_FAMILY = "1,2";
			};
			name = Release;
		};
/* End XCBuildConfiguration section */

/* Begin XCConfigurationList section */
		0279A62C2B9D5FD600C4DB6D /* Build configuration list for PBXProject "CryptoConverterRx" */ = {
			isa = XCConfigurationList;
			buildConfigurations = (
				0279A6432B9D5FD800C4DB6D /* Debug */,
				0279A6442B9D5FD800C4DB6D /* Release */,
			);
			defaultConfigurationIsVisible = 0;
			defaultConfigurationName = Release;
		};
		0279A6452B9D5FD800C4DB6D /* Build configuration list for PBXNativeTarget "CryptoConverterRx" */ = {
			isa = XCConfigurationList;
			buildConfigurations = (
				0279A6462B9D5FD800C4DB6D /* Debug */,
				0279A6472B9D5FD800C4DB6D /* Release */,
			);
			defaultConfigurationIsVisible = 0;
			defaultConfigurationName = Release;
		};
/* End XCConfigurationList section */

/* Begin XCRemoteSwiftPackageReference section */
		0279A6522B9D6F5900C4DB6D /* XCRemoteSwiftPackageReference "RxSwift" */ = {
			isa = XCRemoteSwiftPackageReference;
			repositoryURL = "https://github.com/ReactiveX/RxSwift";
			requirement = {
				kind = upToNextMajorVersion;
				minimumVersion = 6.6.0;
			};
		};
/* End XCRemoteSwiftPackageReference section */

/* Begin XCSwiftPackageProductDependency section */
		0279A6532B9D6F5900C4DB6D /* RxCocoa */ = {
			isa = XCSwiftPackageProductDependency;
			package = 0279A6522B9D6F5900C4DB6D /* XCRemoteSwiftPackageReference "RxSwift" */;
			productName = RxCocoa;
		};
		0279A6552B9D6F5900C4DB6D /* RxSwift */ = {
			isa = XCSwiftPackageProductDependency;
			package = 0279A6522B9D6F5900C4DB6D /* XCRemoteSwiftPackageReference "RxSwift" */;
			productName = RxSwift;
		};
/* End XCSwiftPackageProductDependency section */
	};
	rootObject = 0279A6292B9D5FD600C4DB6D /* Project object */;
}
